github.com/360EntSecGroup-Skylar/excelize v1.4.1 h1:l55mJb6rkkaUzOpSsgEeKYtS6/0gHwBYyfo5Jcjv/Ks=
github.com/360EntSecGroup-Skylar/excelize v1.4.1/go.mod h1:vnax29X2usfl7HHkBrX5EvSCJcmH3dT9luvxzu8iGAE=
github.com/BurntSushi/toml v0.3.1/go.mod h1:xHWCNGjB5oqiDr8zfno3MHue2Ht5sIBksp03qcyfWMU=
github.com/GoAdminGroup/go-admin v1.0.10 h1:WSn+f0t+PbaTCjjhM8sub6Pf7yuGxchuOrKk5j3A5zY=
github.com/GoAdminGroup/go-admin v1.0.10/go.mod h1:70OXgIZv8TbJq29XxpsjtH1OrezEDL9MW+cJVsMpPFo=
github.com/GoAdminGroup/go-admin v1.1.0 h1:zUvqmRNgtujjfn4oVJNFPd1SBBFRZLKDSgiM9cGugeU=
github.com/GoAdminGroup/go-admin v1.1.0/go.mod h1:0TAJYCGggMkIZuLIj11RJRd/Ub/J0ZIciZXvEqw+WfM=
github.com/GoAdminGroup/go-admin v1.1.1 h1:1Sdo9+ePJT1KKLRPtepzY9r6IL3HBVvIcTzTNyhAsK0=
github.com/GoAdminGroup/go-admin v1.1.1/go.mod h1:0TAJYCGggMkIZuLIj11RJRd/Ub/J0ZIciZXvEqw+WfM=
github.com/GoAdminGroup/go-admin v1.1.2 h1:4rjpD5DYJiA2gtJmlgWH44C5+AQcEPZHRJf+3nEcnms=
github.com/GoAdminGroup/go-admin v1.1.2/go.mod h1:0TAJYCGggMkIZuLIj11RJRd/Ub/J0ZIciZXvEqw+WfM=
github.com/GoAdminGroup/go-admin v1.1.3 h1:bWwYL4vvRETsM3TyY27TCoIfBXbYQNcCotgrwGlOABg=
github.com/GoAdminGroup/go-admin v1.1.3/go.mod h1:0TAJYCGggMkIZuLIj11RJRd/Ub/J0ZIciZXvEqw+WfM=
github.com/GoAdminGroup/go-admin v1.1.4 h1:+xxldst10FsT4JQ+XZyTvnyazFA8hnzCerDR5N8fDng=
github.com/GoAdminGroup/go-admin v1.1.4/go.mod h1:2+/N+0jcowxmqsGImCTfisQ0ZWGJRGD0/gewAH288no=
github.com/GoAdminGroup/go-admin v1.1.5 h1:jJjKsG9r8mzScfmYrPYMF1iA84HfvyY4bUtBeU/tpkE=
github.com/GoAdminGroup/go-admin v1.1.5/go.mod h1:2+/N+0jcowxmqsGImCTfisQ0ZWGJRGD0/gewAH288no=
github.com/GoAdminGroup/go-admin v1.1.6 h1:NiyUOgA5GcoYykjOZNlFw5yZRUEs0ug0iERWu+RWyWE=
github.com/GoAdminGroup/go-admin v1.1.6/go.mod h1:2+/N+0jcowxmqsGImCTfisQ0ZWGJRGD0/gewAH288no=
github.com/GoAdminGroup/go-admin v1.1.7 h1:A6GoxFX3ppxNIuSqQLTp5yFsFO3GQIYTzWFJbF8wFFo=
github.com/GoAdminGroup/go-admin v1.1.7/go.mod h1:2+/N+0jcowxmqsGImCTfisQ0ZWGJRGD0/gewAH288no=
github.com/GoAdminGroup/go-admin v1.1.8 h1:KWjXRhxUHxbCivqjGZQSmoR/2lwURBl+ddJON9L3uyk=
github.com/GoAdminGroup/go-admin v1.1.8/go.mod h1:2+/N+0jcowxmqsGImCTfisQ0ZWGJRGD0/gewAH288no=
github.com/GoAdminGroup/go-admin v1.1.9 h1:BQ0iaXZH125ERZoCeZxAwFndD+buFZRV7QKI7yPk9C8=
github.com/GoAdminGroup/go-admin v1.1.9/go.mod h1:2+/N+0jcowxmqsGImCTfisQ0ZWGJRGD0/gewAH288no=
github.com/GoAdminGroup/go-admin v1.2.0 h1:GvxSY2u3xCMttVOlFBJCd+GOuA82oKpL7rh9meI0EkM=
github.com/GoAdminGroup/go-admin v1.2.0/go.mod h1:2+/N+0jcowxmqsGImCTfisQ0ZWGJRGD0/gewAH288no=
github.com/GoAdminGroup/go-admin v1.2.1 h1:3fT223pJjh/lw2NRR0PJFvOgOxt0++mSE/752H6U3NY=
github.com/GoAdminGroup/go-admin v1.2.1/go.mod h1:2+/N+0jcowxmqsGImCTfisQ0ZWGJRGD0/gewAH288no=
github.com/GoAdminGroup/go-admin v1.2.2 h1:GRoMX6VXW5iw7vIZxUXfYVlLvwZTjU9oaFYwsH6vgKs=
github.com/GoAdminGroup/go-admin v1.2.2/go.mod h1:I+W+JDH8UtIFuNtDfNzweM8F5UjLjfg0sTKHnAjTM18=
github.com/GoAdminGroup/go-admin v1.2.3 h1:Vtyyn/pC3XoA0gWrIc6f7JAY9XgOG7/Xis6s3weVLL4=
github.com/GoAdminGroup/go-admin v1.2.3/go.mod h1:9Kk8rbrMUUiKQCRaAtdV1aHOTHaqzeyjChq9ykQ76Rg=
github.com/GoAdminGroup/go-admin v1.2.4 h1:ac3TAveZIFYfFchSu1KzVpeHhYkbglh4krbIbtUcWXg=
github.com/GoAdminGroup/go-admin v1.2.4/go.mod h1:9Kk8rbrMUUiKQCRaAtdV1aHOTHaqzeyjChq9ykQ76Rg=
github.com/GoAdminGroup/go-admin v1.2.5 h1:eQrmztvcivFo/A/Cl4o1t0xACeFsIt2v/wbL+NjhNDQ=
github.com/GoAdminGroup/go-admin v1.2.5/go.mod h1:9Kk8rbrMUUiKQCRaAtdV1aHOTHaqzeyjChq9ykQ76Rg=
github.com/GoAdminGroup/go-admin v1.2.6 h1:0o3SyjWZKiXW4Uzzutz68jXd3E4geckTRndpTJ+qKPE=
github.com/GoAdminGroup/go-admin v1.2.6/go.mod h1:9Kk8rbrMUUiKQCRaAtdV1aHOTHaqzeyjChq9ykQ76Rg=
github.com/GoAdminGroup/go-admin v1.2.7 h1:MmmPZJ6iy3Roto8IYNoot2GdyBAkyB2jfXM3/qq5nV4=
github.com/GoAdminGroup/go-admin v1.2.7/go.mod h1:9Kk8rbrMUUiKQCRaAtdV1aHOTHaqzeyjChq9ykQ76Rg=
github.com/GoAdminGroup/go-admin v1.2.8 h1:Hub/J6LnsUDJc3EEkK7RQX+RReE7cQTX7b8d3RlPl3Q=
github.com/GoAdminGroup/go-admin v1.2.8/go.mod h1:9Kk8rbrMUUiKQCRaAtdV1aHOTHaqzeyjChq9ykQ76Rg=
github.com/GoAdminGroup/go-admin v1.2.9-0.20200415032047-1a9acc84976e h1:KT+5dlKnJKXm+pa0xNRdeDlkPKnV8pr6335prwjk10w=
github.com/GoAdminGroup/go-admin v1.2.9-0.20200415032047-1a9acc84976e/go.mod h1:9Kk8rbrMUUiKQCRaAtdV1aHOTHaqzeyjChq9ykQ76Rg=
github.com/GoAdminGroup/go-admin v1.2.9 h1:wLFhbtSmeHaMgN7qdrzo1ZtTcwS3LyZAVEZTfJPRMJ8=
github.com/GoAdminGroup/go-admin v1.2.9/go.mod h1:7T4oDolkEtLJNnkdZqqENr2ehcxzy0XWQUnuZ8Ym0uE=
github.com/GoAdminGroup/go-admin v1.2.10 h1:NsZZGMb16pvYpyIHwPef4SPzGEcmLvPyREjXgOlMAUw=
github.com/GoAdminGroup/go-admin v1.2.10/go.mod h1:I392koJz0AurjYn95iA4PBpI8x0xErC8Vl5Wst4suvA=
github.com/GoAdminGroup/go-admin v1.2.11 h1:lqGP9Voi6cjiJynDX3TG2mUCaUKXiW+y30XrfAL8hxY=
github.com/GoAdminGroup/go-admin v1.2.11/go.mod h1:I392koJz0AurjYn95iA4PBpI8x0xErC8Vl5Wst4suvA=
github.com/GoAdminGroup/go-admin v1.2.12 h1:M4/VO4fpQHoW5HYjxKvEFv2JE1wHdXBnWEG7RRAj/pM=
github.com/GoAdminGroup/go-admin v1.2.12/go.mod h1:I392koJz0AurjYn95iA4PBpI8x0xErC8Vl5Wst4suvA=
github.com/GoAdminGroup/html v0.0.1 h1:SdWNWl4OKPsvDk2GDp5ZKD6ceWoN8n4Pj6cUYxavUd0=
github.com/GoAdminGroup/html v0.0.1/go.mod h1:A1laTJaOx8sQ64p2dE8IqtstDeCNBHEazrEp7hR5VvM=
github.com/GoAdminGroup/themes v0.0.3 h1:50ocXcqaCicvJrVuZLIlLjJvhBdjw3zg/T5kLifAU3M=
github.com/GoAdminGroup/themes v0.0.3/go.mod h1:ABCOeBeibfg9DxAsGVa1NzYK9/nIbHT/BuFrCRIKo8A=
github.com/GoAdminGroup/themes v0.0.9 h1:F1AouzisRS9mNdC2/17r586g9V28qHl7PGyQUY5YN9Q=
github.com/GoAdminGroup/themes v0.0.9/go.mod h1:ABCOeBeibfg9DxAsGVa1NzYK9/nIbHT/BuFrCRIKo8A=
github.com/GoAdminGroup/themes v0.0.10 h1:vpLnU43bJ/5E16oErAtCr6Ixnc+nayb7zyKr9jD+PHo=
github.com/GoAdminGroup/themes v0.0.10/go.mod h1:ABCOeBeibfg9DxAsGVa1NzYK9/nIbHT/BuFrCRIKo8A=
github.com/GoAdminGroup/themes v0.0.11 h1:BgrRarwd902oJFPLGIXvbooG6eGJUjuSJKQerJJzGj8=
github.com/GoAdminGroup/themes v0.0.11/go.mod h1:ABCOeBeibfg9DxAsGVa1NzYK9/nIbHT/BuFrCRIKo8A=
github.com/GoAdminGroup/themes v0.0.13 h1:sP0nc8DYDWY9KMt8dTd/hxLSjAkBWGfPOuA0QMWsa/g=
github.com/GoAdminGroup/themes v0.0.13/go.mod h1:ABCOeBeibfg9DxAsGVa1NzYK9/nIbHT/BuFrCRIKo8A=
github.com/GoAdminGroup/themes v0.0.14 h1:tvlgI81XWfVyfnT4jtZEgNctSeZI+VgsDYAP9TsTO9I=
github.com/GoAdminGroup/themes v0.0.14/go.mod h1:ABCOeBeibfg9DxAsGVa1NzYK9/nIbHT/BuFrCRIKo8A=
github.com/GoAdminGroup/themes v0.0.15 h1:H3TdQlwfiV1tHlBz2TBtFIsnJjCrPTGvUnztdRXyfOk=
github.com/GoAdminGroup/themes v0.0.15/go.mod h1:ABCOeBeibfg9DxAsGVa1NzYK9/nIbHT/BuFrCRIKo8A=
github.com/GoAdminGroup/themes v0.0.16 h1:VuKs9Vt6zVjJo3Bupv9hc6MI5OnmjfGwx9r9fs0YiHs=
github.com/GoAdminGroup/themes v0.0.16/go.mod h1:ABCOeBeibfg9DxAsGVa1NzYK9/nIbHT/BuFrCRIKo8A=
github.com/GoAdminGroup/themes v0.0.17 h1:suXcQ8gm5u+9R511y69ZAm5YFE8hXIhYLLESGk2Mv38=
github.com/GoAdminGroup/themes v0.0.17/go.mod h1:ABCOeBeibfg9DxAsGVa1NzYK9/nIbHT/BuFrCRIKo8A=
github.com/GoAdminGroup/themes v0.0.19 h1:xyUaUHG1+3z27okvN5sTJLS1HakaYpA3LkeHkFoTgQ4=
github.com/GoAdminGroup/themes v0.0.19/go.mod h1:ABCOeBeibfg9DxAsGVa1NzYK9/nIbHT/BuFrCRIKo8A=
github.com/GoAdminGroup/themes v0.0.20 h1:OFFQoT5GGQb0FuPEKlXY1azF1LP8gAeIxaVysYx58Jk=
github.com/GoAdminGroup/themes v0.0.20/go.mod h1:ABCOeBeibfg9DxAsGVa1NzYK9/nIbHT/BuFrCRIKo8A=
github.com/GoAdminGroup/themes v0.0.21 h1:q8f0zbopvRTqu11723OiweZpUFqS1vxskGnwRWa86mU=
github.com/GoAdminGroup/themes v0.0.21/go.mod h1:ABCOeBeibfg9DxAsGVa1NzYK9/nIbHT/BuFrCRIKo8A=
github.com/GoAdminGroup/themes v0.0.22 h1:3mfgWMaSOd3HNeXLUru7QxcFasmASsiAN6fU2RivoaQ=
github.com/GoAdminGroup/themes v0.0.22/go.mod h1:ABCOeBeibfg9DxAsGVa1NzYK9/nIbHT/BuFrCRIKo8A=
github.com/GoAdminGroup/themes v0.0.23 h1:LAHz86BiZOAApVcnAPlvZO2md/VJlwBSCPM2y4HcZ7s=
github.com/GoAdminGroup/themes v0.0.23/go.mod h1:ABCOeBeibfg9DxAsGVa1NzYK9/nIbHT/BuFrCRIKo8A=
github.com/GoAdminGroup/themes v0.0.24 h1:LRlmdEFhSa+BfN55gNv5BGHqemP4Ezr3c8xyObzF/rM=
github.com/GoAdminGroup/themes v0.0.24/go.mod h1:ABCOeBeibfg9DxAsGVa1NzYK9/nIbHT/BuFrCRIKo8A=
github.com/GoAdminGroup/themes v0.0.25 h1:JfKXGeqmnG2zZp/vu7IP9jMBry6OfgneLQGrsaUHlb8=
github.com/GoAdminGroup/themes v0.0.25/go.mod h1:ABCOeBeibfg9DxAsGVa1NzYK9/nIbHT/BuFrCRIKo8A=
github.com/GoAdminGroup/themes v0.0.26 h1:m7NzOmCLkNPh7AM2bly3lGSdGEV0sZUnPFzoIIQuAF8=
github.com/GoAdminGroup/themes v0.0.26/go.mod h1:ABCOeBeibfg9DxAsGVa1NzYK9/nIbHT/BuFrCRIKo8A=
github.com/GoAdminGroup/themes v0.0.27 h1:mm1JBSF2ucK8Yv2PH5w4+gzqisIPo2Q9t4+ICn8460M=
github.com/GoAdminGroup/themes v0.0.27/go.mod h1:ABCOeBeibfg9DxAsGVa1NzYK9/nIbHT/BuFrCRIKo8A=
github.com/GoAdminGroup/themes v0.0.28 h1:NOK8jmxkhO4YHj6inD9Oi8dMY/Da74IjT+3cSOKZAPM=
github.com/GoAdminGroup/themes v0.0.28/go.mod h1:ABCOeBeibfg9DxAsGVa1NzYK9/nIbHT/BuFrCRIKo8A=
github.com/GoAdminGroup/themes v0.0.29 h1:zC19Pu4xyDyqh5BjJS+b76FSlUP3Qjz+iukxcQH0piU=
github.com/GoAdminGroup/themes v0.0.29/go.mod h1:ABCOeBeibfg9DxAsGVa1NzYK9/nIbHT/BuFrCRIKo8A=
github.com/GoAdminGroup/themes v0.0.30-0.20200410164507-8381e20c2c9d h1:Uygbz3oKJQ8m9jA+bZhewnmPIqSaKCKbU0WcYNTBdJ8=
github.com/GoAdminGroup/themes v0.0.30-0.20200410164507-8381e20c2c9d/go.mod h1:ABCOeBeibfg9DxAsGVa1NzYK9/nIbHT/BuFrCRIKo8A=
github.com/GoAdminGroup/themes v0.0.30-0.20200412131615-60d8ce976795 h1:S1yhf3iarFODRBN6XqjW97HFmuqh8nFSA9krYH2unjY=
github.com/GoAdminGroup/themes v0.0.30-0.20200412131615-60d8ce976795/go.mod h1:ABCOeBeibfg9DxAsGVa1NzYK9/nIbHT/BuFrCRIKo8A=
github.com/GoAdminGroup/themes v0.0.30 h1:rF/++U0o1vH9589uJ22H6OZw+WxuwB8vtSoti9KhdM4=
github.com/GoAdminGroup/themes v0.0.30/go.mod h1:ABCOeBeibfg9DxAsGVa1NzYK9/nIbHT/BuFrCRIKo8A=
github.com/GoAdminGroup/themes v0.0.31 h1:HrvSHY7L4m3XPp9lKg/+GOk65teiPlC0tZa8MO0ZnO8=
github.com/GoAdminGroup/themes v0.0.31/go.mod h1:ABCOeBeibfg9DxAsGVa1NzYK9/nIbHT/BuFrCRIKo8A=
github.com/GoAdminGroup/themes v0.0.32 h1:2JaVjHmwKB6xEQd7M3M+KlV32zoe5blbxk6hT7d5i7o=
github.com/GoAdminGroup/themes v0.0.32/go.mod h1:ABCOeBeibfg9DxAsGVa1NzYK9/nIbHT/BuFrCRIKo8A=
github.com/GoAdminGroup/themes v0.0.33 h1:KvPFk5rMz8bvrwACKrLOtWkl0f5PAeP0EKTXU0fUX24=
github.com/GoAdminGroup/themes v0.0.33/go.mod h1:ABCOeBeibfg9DxAsGVa1NzYK9/nIbHT/BuFrCRIKo8A=
github.com/GoAdminGroup/themes v0.0.34 h1:yTLKDLObNoTN4GpqyIafs9B/L1pGVj3K2ROXpP5Pf5U=
github.com/GoAdminGroup/themes v0.0.34/go.mod h1:ABCOeBeibfg9DxAsGVa1NzYK9/nIbHT/BuFrCRIKo8A=
github.com/NebulousLabs/fastrand v0.0.0-20181203155948-6fb6489aac4e h1:n+DcnTNkQnHlwpsrHoQtkrJIO7CBx029fw6oR4vIob4=
github.com/NebulousLabs/fastrand v0.0.0-20181203155948-6fb6489aac4e/go.mod h1:Bdzq+51GR4/0DIhaICZEOm+OHvXGwwB2trKZ8B4Y6eQ=
github.com/davecgh/go-spew v1.1.0/go.mod h1:J7Y8YcW2NihsgmVo/mv3lAwl/skON4iLHjSsI+c5H38=
github.com/davecgh/go-spew v1.1.1 h1:vj9j/u1bqnvCEfJOwUhtlOARqs3+rkHYY13jYWTU97c=
github.com/davecgh/go-spew v1.1.1/go.mod h1:J7Y8YcW2NihsgmVo/mv3lAwl/skON4iLHjSsI+c5H38=
github.com/denisenkom/go-mssqldb v0.0.0-20191001013358-cfbb681360f0/go.mod h1:xbL0rPBG9cCiLr28tMa8zpbdarY27NDyej4t/EjAShU=
github.com/denisenkom/go-mssqldb v0.0.0-20191124224453-732737034ffd/go.mod h1:xbL0rPBG9cCiLr28tMa8zpbdarY27NDyej4t/EjAShU=
github.com/denisenkom/go-mssqldb v0.0.0-20200206145737-bbfc9a55622e/go.mod h1:xbL0rPBG9cCiLr28tMa8zpbdarY27NDyej4t/EjAShU=
github.com/erikstmartin/go-testdb v0.0.0-20160219214506-8d10e4a1bae5/go.mod h1:a2zkGnVExMxdzMo3M0Hi/3sEU+cWnZpSni0O6/Yb/P0=
github.com/gin-contrib/sse v0.1.0 h1:Y/yl/+YNO8GZSjAhjMsSuLt29uWRFHdHYUb5lYOV9qE=
github.com/gin-contrib/sse v0.1.0/go.mod h1:RHrZQHXnP2xjPF+u1gW/2HnVO7nvIa9PG3Gm+fLHvGI=
github.com/gin-gonic/gin v1.5.0 h1:fi+bqFAx/oLK54somfCtEZs9HeH1LHVoEPUgARpTqyc=
github.com/gin-gonic/gin v1.5.0/go.mod h1:Nd6IXA8m5kNZdNEHMBd93KT+mdY3+bewLgRvmCsR2Do=
github.com/go-playground/locales v0.12.1 h1:2FITxuFt/xuCNP1Acdhv62OzaCiviiE4kotfhkmOqEc=
github.com/go-playground/locales v0.12.1/go.mod h1:IUMDtCfWo/w/mtMfIE/IG2K+Ey3ygWanZIBtBW0W2TM=
github.com/go-playground/universal-translator v0.16.0 h1:X++omBR/4cE2MNg91AoC3rmGrCjJ8eAeUP/K/EKx4DM=
github.com/go-playground/universal-translator v0.16.0/go.mod h1:1AnU7NaIRDWWzGEKwgtJRd2xk99HeFyHw3yid4rvQIY=
github.com/go-sql-driver/mysql v1.4.1/go.mod h1:zAC/RDZ24gD3HViQzih4MyKcchzm+sOG5ZlKdlhCg5w=
github.com/go-sql-driver/mysql v1.5.0/go.mod h1:DCzpHaOWr8IXmIStZouvnhqoel9Qv2LBy8hT2VhHyBg=
github.com/golang-sql/civil v0.0.0-20190719163853-cb61b32ac6fe/go.mod h1:8vg3r2VgvsThLBIFL93Qb5yWzgyZWhEmBwUJWevAkK0=
github.com/golang/protobuf v1.2.0/go.mod h1:6lQm79b+lXiMfvg/cZm0SGofjICqVBUtrP5yJMmIC1U=
github.com/golang/protobuf v1.3.1/go.mod h1:6lQm79b+lXiMfvg/cZm0SGofjICqVBUtrP5yJMmIC1U=
github.com/golang/protobuf v1.3.2 h1:6nsPYzhq5kReh6QImI3k5qWzO4PEbvbIW2cwSfR/6xs=
github.com/golang/protobuf v1.3.2/go.mod h1:6lQm79b+lXiMfvg/cZm0SGofjICqVBUtrP5yJMmIC1U=
github.com/google/gofuzz v1.0.0/go.mod h1:dBl0BpW6vV/+mYPU4Po3pmUjxk6FQPldtuIdl/M65Eg=
github.com/google/renameio v0.1.0/go.mod h1:KWCgfxg9yswjAJkECMjeO8J8rahYeXnNhOm40UhjYkI=
github.com/jinzhu/gorm v1.9.12 h1:Drgk1clyWT9t9ERbzHza6Mj/8FY/CqMyVzOiHviMo6Q=
github.com/jinzhu/gorm v1.9.12/go.mod h1:vhTjlKSJUTWNtcbQtrMBFCxy7eXTzeCAzfL5fBZT/Qs=
github.com/jinzhu/inflection v1.0.0 h1:K317FqzuhWc8YvSVlFMCCUb36O/S9MCKRDI7QkRKD/E=
github.com/jinzhu/inflection v1.0.0/go.mod h1:h+uFLlag+Qp1Va5pdKtLDYj+kHp5pxUVkryuEj+Srlc=
github.com/jinzhu/now v1.0.1/go.mod h1:d3SSVoowX0Lcu0IBviAWJpolVfI5UJVZZ7cO71lE/z8=
github.com/json-iterator/go v1.1.7 h1:KfgG9LzI+pYjr4xvmz/5H4FXjokeP+rlHLhv3iH62Fo=
github.com/json-iterator/go v1.1.7/go.mod h1:KdQUCv79m/52Kvf8AW2vK1V8akMuk1QjK/uOdHXbAo4=
github.com/kisielk/gotool v1.0.0/go.mod h1:XhKaO+MFFWcvkIS/tQcRk01m1F5IRFswLeQ+oQHNcck=
github.com/konsorten/go-windows-terminal-sequences v1.0.1 h1:mweAR1A6xJ3oS2pRaGiHgQ4OO8tzTaLawm8vnODuwDk=
github.com/konsorten/go-windows-terminal-sequences v1.0.1/go.mod h1:T0+1ngSBFLxvqU3pZ+m/2kptfBszLMUkC4ZK/EgS/cQ=
github.com/konsorten/go-windows-terminal-sequences v1.0.2/go.mod h1:T0+1ngSBFLxvqU3pZ+m/2kptfBszLMUkC4ZK/EgS/cQ=
github.com/kr/pretty v0.1.0/go.mod h1:dAy3ld7l9f0ibDNOQOHHMYYIIbhfbHSm3C4ZsoJORNo=
github.com/kr/pty v1.1.1/go.mod h1:pFQYn66WHrOpPYNljwOMqo10TkYh1fy3cYio2l3bCsQ=
github.com/kr/text v0.1.0/go.mod h1:4Jbv+DJW3UT/LiOwJeYQe1efqtUx/iVham/4vfdArNI=
github.com/leodido/go-urn v1.1.0 h1:Sm1gr51B1kKyfD2BlRcLSiEkffoG96g6TPv6eRoEiB8=
github.com/leodido/go-urn v1.1.0/go.mod h1:+cyI34gQWZcE1eQU7NVgKkkzdXDQHr1dBMtdAPozLkw=
github.com/lib/pq v1.1.1/go.mod h1:5WUZQaWbwv1U+lTReE5YruASi9Al49XbQIvNi/34Woo=
github.com/lib/pq v1.2.0/go.mod h1:5WUZQaWbwv1U+lTReE5YruASi9Al49XbQIvNi/34Woo=
github.com/lib/pq v1.3.0/go.mod h1:5WUZQaWbwv1U+lTReE5YruASi9Al49XbQIvNi/34Woo=
github.com/magiconair/properties v1.8.1 h1:ZC2Vc7/ZFkGmsVC9KvOjumD+G5lXy2RtTKyzRKO2BQ4=
github.com/magiconair/properties v1.8.1/go.mod h1:PppfXfuXeibc/6YijjN8zIbojt8czPbwD3XqdrwzmxQ=
github.com/mattn/go-colorable v0.1.4 h1:snbPLB8fVfU9iwbbo30TPtbLRzwWu6aJS6Xh4eaaviA=
github.com/mattn/go-colorable v0.1.4/go.mod h1:U0ppj6V5qS13XJ6of8GYAs25YV2eR4EVcfRqFIhoBtE=
github.com/mattn/go-isatty v0.0.8/go.mod h1:Iq45c/XA43vh69/j3iqttzPXn0bhXyGjM0Hdxcsrc5s=
github.com/mattn/go-isatty v0.0.9 h1:d5US/mDsogSGW37IV293h//ZFaeajb69h+EHFsv2xGg=
github.com/mattn/go-isatty v0.0.9/go.mod h1:YNRxwqDuOph6SZLI9vUUz6OYw3QyUt7WiY2yME+cCiQ=
github.com/mattn/go-sqlite3 v1.11.0 h1:LDdKkqtYlom37fkvqs8rMPFKAMe8+SgjbwZ6ex1/A/Q=
github.com/mattn/go-sqlite3 v1.11.0/go.mod h1:FPy6KqzDD04eiIsT53CuJW3U88zkxoIYsOqkbpncsNc=
github.com/mattn/go-sqlite3 v2.0.1+incompatible/go.mod h1:FPy6KqzDD04eiIsT53CuJW3U88zkxoIYsOqkbpncsNc=
github.com/mattn/go-sqlite3 v2.0.3+incompatible h1:gXHsfypPkaMZrKbD5209QV9jbUTJKjyR5WD3HYQSd+U=
github.com/mattn/go-sqlite3 v2.0.3+incompatible/go.mod h1:FPy6KqzDD04eiIsT53CuJW3U88zkxoIYsOqkbpncsNc=
github.com/mgutz/ansi v0.0.0-20170206155736-9520e82c474b h1:j7+1HpAFS1zy5+Q4qx1fWh90gTKwiN4QCGoY9TWyyO4=
github.com/mgutz/ansi v0.0.0-20170206155736-9520e82c474b/go.mod h1:01TrycV0kFyexm33Z7vhZRXopbI8J3TDReVlkTgMUxE=
github.com/modern-go/concurrent v0.0.0-20180228061459-e0a39a4cb421 h1:ZqeYNhU3OHLH3mGKHDcjJRFFRrJa6eAM5H+CtDdOsPc=
github.com/modern-go/concurrent v0.0.0-20180228061459-e0a39a4cb421/go.mod h1:6dJC0mAP4ikYIbvyc7fijjWJddQyLn8Ig3JB5CqoB9Q=
github.com/modern-go/reflect2 v0.0.0-20180701023420-4b7aa43c6742 h1:Esafd1046DLDQ0W1YjYsBW+p8U2u7vzgW2SQVmlNazg=
github.com/modern-go/reflect2 v0.0.0-20180701023420-4b7aa43c6742/go.mod h1:bx2lNnkwVCuqBIxFjflWJWanXIb3RllmbCylyMrvgv0=
github.com/mohae/deepcopy v0.0.0-20170929034955-c48cc78d4826 h1:RWengNIwukTxcDr9M+97sNutRR1RKhG96O6jWumTTnw=
github.com/mohae/deepcopy v0.0.0-20170929034955-c48cc78d4826/go.mod h1:TaXosZuwdSHYgviHp1DAtfrULt5eUgsSMsZf+YrPgl8=
github.com/natefinch/lumberjack v2.0.0+incompatible/go.mod h1:Wi9p2TTF5DG5oU+6YfsmYQpsTIOm0B1VNzQg9Mw6nPk=
github.com/pkg/errors v0.8.1/go.mod h1:bwawxfHBFNV+L2hUp1rHADufV3IMtnDRdf1r5NINEl0=
github.com/pmezard/go-difflib v1.0.0 h1:4DBwDE0NGyQoBHbLQYPwSUPoCMWR5BEzIk/f1lZbAQM=
github.com/pmezard/go-difflib v1.0.0/go.mod h1:iKH77koFhYxTK1pcRnkKkqfTogsbg7gZNVY4sRDYZ/4=
github.com/rogpeppe/go-internal v1.3.0/go.mod h1:M8bDsm7K2OlrFYOpmOWEs/qY81heoFRclV5y23lUDJ4=
github.com/satori/go.uuid v1.2.0 h1:0uYX9dsZ2yD7q2RtLRtPSdGDWzjeM3TbMJP9utgA0ww=
github.com/satori/go.uuid v1.2.0/go.mod h1:dA0hQrYB0VpLJoorglMZABFdXlWrHn1NEOzdhQKdks0=
github.com/shirou/gopsutil v2.20.3+incompatible/go.mod h1:5b4v6he4MtMOwMlS0TUMTu2PcXUg8+E1lC7eC3UO/RA=
github.com/sirupsen/logrus v1.4.2 h1:SPIRibHv4MatM3XXNO2BJeFLZwZ2LvZgfQ5+UNI2im4=
github.com/sirupsen/logrus v1.4.2/go.mod h1:tLMulIdttU9McNUspp0xgXVQah82FyeX6MwdIuYE2rE=
github.com/stretchr/objx v0.1.0/go.mod h1:HFkY916IF+rwdDfMAkV7OtwuqBVzrE8GR6GFx+wExME=
github.com/stretchr/objx v0.1.1/go.mod h1:HFkY916IF+rwdDfMAkV7OtwuqBVzrE8GR6GFx+wExME=
github.com/stretchr/objx v0.2.0/go.mod h1:qt09Ya8vawLte6SNmTgCsAVtYtaKzEcn8ATUoHMkEqE=
github.com/stretchr/testify v1.2.2/go.mod h1:a8OnRcib4nhh0OaRAV+Yts87kKdq0PP7pXfy6kDkUVs=
github.com/stretchr/testify v1.2.3-0.20181224173747-660f15d67dbb/go.mod h1:a8OnRcib4nhh0OaRAV+Yts87kKdq0PP7pXfy6kDkUVs=
github.com/stretchr/testify v1.3.0/go.mod h1:M5WIy9Dh21IEIfnGCwXGc5bZfKNJtfHm1UVUgZn+9EI=
github.com/stretchr/testify v1.4.0 h1:2E4SXV/wtOkTonXsotYi4li6zVWxYlZuYNCXe9XRJyk=
github.com/stretchr/testify v1.4.0/go.mod h1:j7eGeouHqKxXV5pUuKE4zz7dFj8WfuZ+81PSLYec5m4=
github.com/stretchr/testify v1.5.1/go.mod h1:5W2xD1RspED5o8YsWQXVCued0rvSQ+mT+I5cxcmMvtA=
github.com/ugorji/go v1.1.7 h1:/68gy2h+1mWMrwZFeD1kQialdSzAb432dtpeJ42ovdo=
github.com/ugorji/go v1.1.7/go.mod h1:kZn38zHttfInRq0xu/PH0az30d+z6vm202qpg1oXVMw=
github.com/ugorji/go/codec v1.1.7 h1:2SvQaVZ1ouYrrKKwoSk2pzd4A9evlKJb9oTL+OaLUSs=
github.com/ugorji/go/codec v1.1.7/go.mod h1:Ax+UKWsSmolVDwsd+7N3ZtXu+yMGCf907BLYF3GoBXY=
go.uber.org/atomic v1.6.0/go.mod h1:sABNBOSYdrvTF6hTgEIbc7YasKWGhgEQZyfxyTvoXHQ=
go.uber.org/multierr v1.5.0/go.mod h1:FeouvMocqHpRaaGuG9EjoKcStLC43Zu/fmqdUMPcKYU=
go.uber.org/tools v0.0.0-20190618225709-2cfd321de3ee/go.mod h1:vJERXedbb3MVM5f9Ejo0C68/HhF8uaILCdgjnY+goOA=
go.uber.org/zap v1.14.1/go.mod h1:Mb2vm2krFEG5DV0W9qcHBYFtp/Wku1cvYaqPsS/WYfc=
golang.org/x/crypto v0.0.0-20190308221718-c2843e01d9a2/go.mod h1:djNgcEr1/C05ACkg1iLfiJU5Ep61QUkGW8qpdssI0+w=
golang.org/x/crypto v0.0.0-20190325154230-a5d413f7728c/go.mod h1:djNgcEr1/C05ACkg1iLfiJU5Ep61QUkGW8qpdssI0+w=
golang.org/x/crypto v0.0.0-20190510104115-cbcb75029529/go.mod h1:yigFU9vqHzYiE8UmvKecakEJjdnWj3jj499lnFckfCI=
golang.org/x/crypto v0.0.0-20191112222119-e1110fd1c708 h1:pXVtWnwHkrWD9ru3sDxY/qFK/bfc0egRovX91EjWjf4=
golang.org/x/crypto v0.0.0-20191112222119-e1110fd1c708/go.mod h1:LzIPMQfyMNhhGPhUkYOs5KpL4U8rLKemX1yGLhDgUto=
golang.org/x/crypto v0.0.0-20191205180655-e7c4368fe9dd/go.mod h1:LzIPMQfyMNhhGPhUkYOs5KpL4U8rLKemX1yGLhDgUto=
golang.org/x/crypto v0.0.0-20200221231518-2aa609cf4a9d h1:1ZiEyfaQIg3Qh0EoqpwAakHVhecoE5wlSg5GjnafJGw=
golang.org/x/crypto v0.0.0-20200221231518-2aa609cf4a9d/go.mod h1:LzIPMQfyMNhhGPhUkYOs5KpL4U8rLKemX1yGLhDgUto=
golang.org/x/lint v0.0.0-20190930215403-16217165b5de/go.mod h1:6SW0HCj/g11FgYtHlgUYUwCkIfeOF89ocIRzGO/8vkc=
golang.org/x/mod v0.0.0-20190513183733-4bf6d317e70e/go.mod h1:mXi4GBBbnImb6dmsKGUJ2LatrhH/nqhxcFungHvyanc=
golang.org/x/net v0.0.0-20180724234803-3673e40ba225/go.mod h1:mL1N/T3taQHkDXs73rZJwtUhF3w3ftmwwsq0BUmARs4=
golang.org/x/net v0.0.0-20190311183353-d8887717615a/go.mod h1:t9HGtf8HONx5eT2rtn7q6eTqICYqUVnKs3thJo3Qplg=
golang.org/x/net v0.0.0-20190404232315-eb5bcb51f2a3/go.mod h1:t9HGtf8HONx5eT2rtn7q6eTqICYqUVnKs3thJo3Qplg=
golang.org/x/net v0.0.0-20190603091049-60506f45cf65/go.mod h1:HSz+uSET+XFnRR8LxR5pz3Of3rY3CfYBVs4xY44aLks=
golang.org/x/net v0.0.0-20190620200207-3b0461eec859/go.mod h1:z5CRVTTTmAJ677TzLLGU+0bjPO0LkuOLi4/5GtJWs/s=
golang.org/x/sync v0.0.0-20190423024810-112230192c58/go.mod h1:RxMgew5VJxzue5/jJTE5uejpjVlOe/izrB70Jof72aM=
golang.org/x/sys v0.0.0-20190215142949-d0b11bdaac8a/go.mod h1:STP8DvDyc/dI5b8T5hshtkjS+E42TnysNCUPdjciGhY=
golang.org/x/sys v0.0.0-20190222072716-a9d3bda3a223/go.mod h1:STP8DvDyc/dI5b8T5hshtkjS+E42TnysNCUPdjciGhY=
golang.org/x/sys v0.0.0-20190412213103-97732733099d/go.mod h1:h1NjWce9XRLGQEsW7wpKNCjG9DtNlClVuFLEZdDNbEs=
golang.org/x/sys v0.0.0-20190422165155-953cdadca894/go.mod h1:h1NjWce9XRLGQEsW7wpKNCjG9DtNlClVuFLEZdDNbEs=
golang.org/x/sys v0.0.0-20190813064441-fde4db37ae7a h1:aYOabOQFp6Vj6W1F80affTUvO9UxmJRx8K0gsfABByQ=
golang.org/x/sys v0.0.0-20190813064441-fde4db37ae7a/go.mod h1:h1NjWce9XRLGQEsW7wpKNCjG9DtNlClVuFLEZdDNbEs=
golang.org/x/sys v0.0.0-20200219091948-cb0a6d8edb6c h1:jceGD5YNJGgGMkJz79agzOln1K9TaZUjv5ird16qniQ=
golang.org/x/sys v0.0.0-20200219091948-cb0a6d8edb6c/go.mod h1:h1NjWce9XRLGQEsW7wpKNCjG9DtNlClVuFLEZdDNbEs=
golang.org/x/text v0.3.0/go.mod h1:NqM8EUOU14njkJ3fqMW+pc6Ldnwhi/IjpwHt7yyuwOQ=
golang.org/x/text v0.3.2 h1:tW2bmiBqwgJj/UpqtC8EpXEZVYOwU0yG4iWbprSVAcs=
golang.org/x/text v0.3.2/go.mod h1:bEr9sfX3Q8Zfm5fL9x+3itogRgK3+ptLWKqgva+5dAk=
golang.org/x/tools v0.0.0-20180917221912-90fa682c2a6e/go.mod h1:n7NCudcB/nEzxVGmLbDWY5pfWTLqBcC2KZ6jyYvM4mQ=
golang.org/x/tools v0.0.0-20190311212946-11955173bddd/go.mod h1:LCzVGOaR6xXOjkQ3onu1FJEFr0SW1gC7cKk1uF8kGRs=
golang.org/x/tools v0.0.0-20190621195816-6e04913cbbac/go.mod h1:/rFqwRUd4F7ZHNgwSSTFct+R/Kf4OFW1sUzUTQQTgfc=
golang.org/x/tools v0.0.0-20191029041327-9cc4af7d6b2c/go.mod h1:b+2E5dAYhXwXZwtnZ6UAqBI28+e2cm9otk0dWdXHAEo=
golang.org/x/tools v0.0.0-20191029190741-b9c20aec41a5/go.mod h1:b+2E5dAYhXwXZwtnZ6UAqBI28+e2cm9otk0dWdXHAEo=
golang.org/x/xerrors v0.0.0-20190717185122-a985d3407aa7/go.mod h1:I/5z698sn9Ka8TeJc9MKroUUfqBBauWjQqLJ2OPfmY0=
google.golang.org/appengine v1.4.0/go.mod h1:xpcJRLb0r/rnEns0DIKYYv+WjYCduHsrkT7/EB5XEv4=
google.golang.org/appengine v1.6.5/go.mod h1:8WjMMxjGQR8xUklV/ARdw2HLXBOI7O7uCIDZVag1xfc=
gopkg.in/check.v1 v0.0.0-20161208181325-20d25e280405 h1:yhCVgyC4o1eVCa2tZl7eS0r+SDo693bJlVdllGtEeKM=
gopkg.in/check.v1 v0.0.0-20161208181325-20d25e280405/go.mod h1:Co6ibVJAznAaIkqp8huTwlJQCZ016jof/cbN4VW5Yz0=
gopkg.in/check.v1 v1.0.0-20180628173108-788fd7840127/go.mod h1:Co6ibVJAznAaIkqp8huTwlJQCZ016jof/cbN4VW5Yz0=
gopkg.in/errgo.v2 v2.1.0/go.mod h1:hNsd1EY+bozCKY1Ytp96fpM3vjJbqLJn88ws8XvfDNI=
gopkg.in/go-playground/assert.v1 v1.2.1 h1:xoYuJVE7KT85PYWrN730RguIQO0ePzVRfFMXadIrXTM=
gopkg.in/go-playground/assert.v1 v1.2.1/go.mod h1:9RXL0bg/zibRAgZUYszZSwO/z8Y/a8bDuhia5mkpMnE=
gopkg.in/go-playground/validator.v9 v9.29.1 h1:SvGtYmN60a5CVKTOzMSyfzWDeZRxRuGvRQyEAKbw1xc=
gopkg.in/go-playground/validator.v9 v9.29.1/go.mod h1:+c9/zcJMFNgbLvly1L1V+PpxWdVbfP1avr/N00E2vyQ=
gopkg.in/ini.v1 v1.51.0 h1:AQvPpx3LzTDM0AjnIRlVFwFFGC+npRopjZxLJj6gdno=
gopkg.in/ini.v1 v1.51.0/go.mod h1:pNLf8WUiyNEtQjuu5G5vTm06TEv9tsIgeAvK8hOrP4k=
gopkg.in/yaml.v2 v2.2.2 h1:ZCJp+EgiOT7lHqUV2J862kp8Qj64Jo6az82+3Td9dZw=
gopkg.in/yaml.v2 v2.2.2/go.mod h1:hI93XBmqTisBFMUTm0b8Fm+jr3Dg1NNxqwp+5A1VGuI=
gopkg.in/yaml.v2 v2.2.7/go.mod h1:hI93XBmqTisBFMUTm0b8Fm+jr3Dg1NNxqwp+5A1VGuI=
gopkg.in/yaml.v2 v2.2.8 h1:obN1ZagJSUGI0Ek/LBmuj4SNLPfIny3KsKFopxRdj10=
gopkg.in/yaml.v2 v2.2.8/go.mod h1:hI93XBmqTisBFMUTm0b8Fm+jr3Dg1NNxqwp+5A1VGuI=
honnef.co/go/tools v0.0.1-2019.2.3/go.mod h1:a3bituU0lyd329TUQxRnasdCoJDkEUEAqEt0JzvZhAg=
